<?xml version="1.0" encoding="utf-8"?>
<Project ToolsVersion="4.0" xmlns="http://schemas.microsoft.com/developer/msbuild/2003">
  <ItemGroup>
    <Filter Include="Source Files">
      <UniqueIdentifier>{4FC737F1-C7A5-4376-A066-2A32D752A2FF}</UniqueIdentifier>
      <Extensions>cpp;c;cc;cxx;def;odl;idl;hpj;bat;asm;asmx</Extensions>
    </Filter>
    <Filter Include="Header Files">
      <UniqueIdentifier>{93995380-89BD-4b04-88EB-625FBE52EBFB}</UniqueIdentifier>
      <Extensions>h;hh;hpp;hxx;hm;inl;inc;xsd</Extensions>
    </Filter>
    <Filter Include="Resource Files">
      <UniqueIdentifier>{67DA6AB6-F800-4c08-8B7A-83BB121AAD01}</UniqueIdentifier>
      <Extensions>rc;ico;cur;bmp;dlg;rc2;rct;bin;rgs;gif;jpg;jpeg;jpe;resx;tiff;tif;png;wav;mfcribbon-ms</Extensions>
    </Filter>
    <Filter Include="Source Files\Patterns">
      <UniqueIdentifier>{2a97b2ff-a8c1-4d92-b3fa-87f5d67124fa}</UniqueIdentifier>
    </Filter>
    <Filter Include="Header Files\Patterns">
      <UniqueIdentifier>{624e79de-cf56-46a0-91fa-7f6c8be623a6}</UniqueIdentifier>
    </Filter>
  </ItemGroup>
  <ItemGroup>
    <ClCompile Include="NYB V3 2024_2025.ino" />
    <ClCompile Include="Confetti.cpp">
      <Filter>Source Files\Patterns</Filter>
    </ClCompile>
    <ClCompile Include="ColorCascade.cpp">
      <Filter>Source Files\Patterns</Filter>
    </ClCompile>
    <ClCompile Include="Globals.h">
      <Filter>Header Files</Filter>
    </ClCompile>
    <ClCompile Include="Globals.cpp">
      <Filter>Source Files</Filter>
    </ClCompile>
    <ClCompile Include="SPIController.cpp">
      <Filter>Source Files</Filter>
    </ClCompile>
    <ClCompile Include="TwinklingStars.cpp">
      <Filter>Source Files\Patterns</Filter>
    </ClCompile>
    <ClCompile Include="Breathing.cpp">
      <Filter>Source Files\Patterns</Filter>
    </ClCompile>
    <ClCompile Include="Ripple.cpp">
      <Filter>Source Files\Patterns</Filter>
    </ClCompile>
    <ClCompile Include="Sparkle.cpp">
      <Filter>Source Files\Patterns</Filter>
    </ClCompile>
    <ClCompile Include="Meteor.cpp">
      <Filter>Source Files\Patterns</Filter>
    </ClCompile>
    <ClCompile Include="oneAtATimeConfetti.cpp">
      <Filter>Source Files\Patterns</Filter>
    </ClCompile>
    <ClCompile Include="Fire.cpp">
      <Filter>Source Files\Patterns</Filter>
    </ClCompile>
    <ClCompile Include="ColorFade.cpp">
      <Filter>Source Files\Patterns</Filter>
    </ClCompile>
    <ClCompile Include="StartupSequence.cpp">
      <Filter>Source Files\Patterns</Filter>
    </ClCompile>
    <ClCompile Include="RowByRow.cpp">
      <Filter>Source Files\Patterns</Filter>
    </ClCompile>
    <ClCompile Include="AmericanFlag.cpp">
      <Filter>Source Files\Patterns</Filter>
    </ClCompile>
    <ClCompile Include="CheckerBoard.cpp">
      <Filter>Source Files\Patterns</Filter>
    </ClCompile>
    <ClCompile Include="Fireworks.cpp">
      <Filter>Source Files\Patterns</Filter>
    </ClCompile>
    <ClCompile Include="Snowfall.h">
      <Filter>Header Files\Patterns</Filter>
    </ClCompile>
    <ClCompile Include="Snowfall.cpp">
      <Filter>Source Files\Patterns</Filter>
    </ClCompile>
    <ClCompile Include="WaveEffect.h">
      <Filter>Header Files\Patterns</Filter>
    </ClCompile>
    <ClCompile Include="WaveEffect.cpp">
      <Filter>Source Files\Patterns</Filter>
    </ClCompile>
    <ClCompile Include="CountdownCircle.h">
      <Filter>Header Files\Patterns</Filter>
    </ClCompile>
    <ClCompile Include="CountdownCircle.cpp">
      <Filter>Source Files\Patterns</Filter>
    </ClCompile>
    <ClCompile Include="HypnoticSpiral.cpp">
      <Filter>Source Files\Patterns</Filter>
    </ClCompile>
    <ClCompile Include="BouncingWave.cpp">
      <Filter>Source Files\Patterns</Filter>
    </ClCompile>
    <ClCompile Include="Aurora.cpp">
      <Filter>Source Files\Patterns</Filter>
    </ClCompile>
    <ClCompile Include="Countdown.cpp">
      <Filter>Source Files\Patterns</Filter>
    </ClCompile>
    <ClCompile Include="GalaxySwirl.cpp">
      <Filter>Source Files\Patterns</Filter>
    </ClCompile>
    <ClCompile Include="TidalWave.cpp">
      <Filter>Source Files\Patterns</Filter>
    </ClCompile>
    <ClCompile Include="TurnOffLEDs.cpp">
      <Filter>Source Files</Filter>
    </ClCompile>
    <ClCompile Include="EchoingCircles.cpp">
      <Filter>Source Files\Patterns</Filter>
    </ClCompile>
    <ClCompile Include="LaserSweep.cpp">
      <Filter>Source Files\Patterns</Filter>
    </ClCompile>
    <ClCompile Include="MosaicMorph.cpp">
      <Filter>Source Files\Patterns</Filter>
    </ClCompile>
    <ClCompile Include="NeonStripes.cpp">
      <Filter>Source Files\Patterns</Filter>
    </ClCompile>
    <ClCompile Include="RadiatingRainbow.cpp">
      <Filter>Source Files\Patterns</Filter>
    </ClCompile>
    <ClCompile Include="SpectrumBars.cpp">
      <Filter>Source Files\Patterns</Filter>
    </ClCompile>
    <ClCompile Include="DiamondWeave.cpp">
      <Filter>Source Files\Patterns</Filter>
    </ClCompile>
    <ClCompile Include="TriadVortex.cpp">
      <Filter>Source Files\Patterns</Filter>
    </ClCompile>
    <ClCompile Include="PlasmaGrid.cpp">
      <Filter>Source Files\Patterns</Filter>
    </ClCompile>
    <ClCompile Include="KaleidoPulse.cpp">
      <Filter>Source Files\Patterns</Filter>
    </ClCompile>
    <ClCompile Include="FractalBloom.cpp">
      <Filter>Source Files\Patterns</Filter>
    </ClCompile>
    <ClCompile Include="DragonsBreath.cpp">
      <Filter>Source Files\Patterns</Filter>
    </ClCompile>
    <ClCompile Include="PulsarRings.cpp">
      <Filter>Source Files\Patterns</Filter>
    </ClCompile>
    <ClCompile Include="PrismTwist.cpp">
      <Filter>Source Files\Patterns</Filter>
    </ClCompile>
    <ClCompile Include="FireflySwarm.cpp">
      <Filter>Source Files\Patterns</Filter>
    </ClCompile>
    <ClCompile Include="InversePinwheel.cpp">
      <Filter>Source Files\Patterns</Filter>
    </ClCompile>
    <ClCompile Include="Pinwheel.cpp">
      <Filter>Source Files\Patterns</Filter>
    </ClCompile>
    <ClCompile Include="PulsingWaves.cpp">
      <Filter>Source Files\Patterns</Filter>
    </ClCompile>
    <ClCompile Include="EquilateralRipple.cpp">
      <Filter>Source Files\Patterns</Filter>
    </ClCompile>
    <ClCompile Include="TriangularCheckerboard.cpp">
      <Filter>Source Files\Patterns</Filter>
    </ClCompile>
    <ClCompile Include="TriangularSpiral.cpp">
      <Filter>Source Files\Patterns</Filter>
    </ClCompile>
    <ClCompile Include="InwardCollapse.cpp">
      <Filter>Source Files\Patterns</Filter>
    </ClCompile>
    <ClCompile Include="OrbitingPoints.cpp">
      <Filter>Source Files\Patterns</Filter>
    </ClCompile>
    <ClCompile Include="TechnoSwirl.cpp">
      <Filter>Source Files\Patterns</Filter>
    </ClCompile>
    <ClCompile Include="TechnologicalStreaks.cpp">
      <Filter>Source Files\Patterns</Filter>
    </ClCompile>
  </ItemGroup>
  <ItemGroup>
    <ClInclude Include="Confetti.h">
      <Filter>Header Files\Patterns</Filter>
    </ClInclude>
    <ClInclude Include="ColorCascade.h">
      <Filter>Header Files\Patterns</Filter>
    </ClInclude>
    <ClInclude Include="SPIController.h">
      <Filter>Header Files</Filter>
    </ClInclude>
    <ClInclude Include="TwinklingStars.h">
      <Filter>Header Files\Patterns</Filter>
    </ClInclude>
    <ClInclude Include="Breathing.h">
      <Filter>Header Files\Patterns</Filter>
    </ClInclude>
    <ClInclude Include="Ripple.h">
      <Filter>Header Files\Patterns</Filter>
    </ClInclude>
    <ClInclude Include="Sparkle.h">
      <Filter>Header Files\Patterns</Filter>
    </ClInclude>
    <ClInclude Include="Meteor.h">
      <Filter>Header Files\Patterns</Filter>
    </ClInclude>
    <ClInclude Include="__vm\.NYB V3 2024_2025.vsarduino.h">
      <Filter>Header Files</Filter>
    </ClInclude>
    <ClInclude Include="oneAtATimeConfetti.h">
      <Filter>Header Files\Patterns</Filter>
    </ClInclude>
    <ClInclude Include="Fire.h">
      <Filter>Header Files\Patterns</Filter>
    </ClInclude>
    <ClInclude Include="ColorFade.h">
      <Filter>Header Files\Patterns</Filter>
    </ClInclude>
    <ClInclude Include="StartupSequence.h">
      <Filter>Header Files\Patterns</Filter>
    </ClInclude>
    <ClInclude Include="RowByRow.h">
      <Filter>Header Files\Patterns</Filter>
    </ClInclude>
    <ClInclude Include="AmericanFlag.h">
      <Filter>Header Files\Patterns</Filter>
    </ClInclude>
    <ClInclude Include="CheckerBoard.h">
      <Filter>Header Files\Patterns</Filter>
    </ClInclude>
    <ClInclude Include="Fireworks.h">
      <Filter>Header Files\Patterns</Filter>
    </ClInclude>
    <ClInclude Include="HypnoticSpiral.h">
      <Filter>Header Files\Patterns</Filter>
    </ClInclude>
    <ClInclude Include="BouncingWave.h">
      <Filter>Header Files\Patterns</Filter>
    </ClInclude>
    <ClInclude Include="Aurora.h">
      <Filter>Header Files\Patterns</Filter>
    </ClInclude>
    <ClInclude Include="Countdown.h">
      <Filter>Header Files\Patterns</Filter>
    </ClInclude>
    <ClInclude Include="GalaxySwirl.h">
      <Filter>Header Files\Patterns</Filter>
    </ClInclude>
    <ClInclude Include="TidalWave.h">
      <Filter>Header Files\Patterns</Filter>
    </ClInclude>
    <ClInclude Include="TurnOffLEDs.h">
      <Filter>Header Files</Filter>
    </ClInclude>
    <ClInclude Include="EchoingCircles.h">
      <Filter>Header Files\Patterns</Filter>
    </ClInclude>
    <ClInclude Include="LaserSweep.h">
      <Filter>Header Files\Patterns</Filter>
    </ClInclude>
    <ClInclude Include="MosaicMorph.h">
      <Filter>Header Files\Patterns</Filter>
    </ClInclude>
    <ClInclude Include="NeonStripes.h">
      <Filter>Header Files\Patterns</Filter>
    </ClInclude>
    <ClInclude Include="RadiatingRainbow.h">
      <Filter>Header Files\Patterns</Filter>
    </ClInclude>
    <ClInclude Include="SpectrumBars.h">
      <Filter>Header Files\Patterns</Filter>
    </ClInclude>
    <ClInclude Include="DiamondWeave.h">
      <Filter>Header Files\Patterns</Filter>
    </ClInclude>
    <ClInclude Include="TriadVortex.h">
      <Filter>Header Files\Patterns</Filter>
    </ClInclude>
    <ClInclude Include="PlasmaGrid.h">
      <Filter>Header Files\Patterns</Filter>
    </ClInclude>
    <ClInclude Include="KaleidoPulse.h">
      <Filter>Header Files\Patterns</Filter>
    </ClInclude>
    <ClInclude Include="FractalBloom.h">
      <Filter>Header Files\Patterns</Filter>
    </ClInclude>
    <ClInclude Include="DragonsBreath.h">
      <Filter>Header Files\Patterns</Filter>
    </ClInclude>
    <ClInclude Include="PulsarRings.h">
      <Filter>Header Files\Patterns</Filter>
    </ClInclude>
    <ClInclude Include="PrismTwist.h">
      <Filter>Header Files\Patterns</Filter>
    </ClInclude>
    <ClInclude Include="FireflySwarm.h">
      <Filter>Header Files\Patterns</Filter>
    </ClInclude>
    <ClInclude Include="PanelMapping.h">
      <Filter>Header Files</Filter>
    </ClInclude>
    <ClInclude Include="InversePinwheel.h">
      <Filter>Header Files\Patterns</Filter>
    </ClInclude>
    <ClInclude Include="Pinwheel.h">
      <Filter>Header Files\Patterns</Filter>
    </ClInclude>
    <ClInclude Include="PulsingWaves.h">
      <Filter>Header Files\Patterns</Filter>
    </ClInclude>
    <ClInclude Include="EquilateralRipple.h">
      <Filter>Header Files\Patterns</Filter>
    </ClInclude>
    <ClInclude Include="TriangularCheckerboard.h">
      <Filter>Header Files\Patterns</Filter>
    </ClInclude>
    <ClInclude Include="TriangularSpiral.h">
      <Filter>Header Files\Patterns</Filter>
    </ClInclude>
    <ClInclude Include="InwardCollapse.h">
      <Filter>Header Files\Patterns</Filter>
    </ClInclude>
    <ClInclude Include="OrbitingPoints.h">
      <Filter>Header Files\Patterns</Filter>
    </ClInclude>
    <ClInclude Include="TechnoSwirl.h">
      <Filter>Header Files\Patterns</Filter>
    </ClInclude>
    <ClInclude Include="TechnologicalStreaks.h">
      <Filter>Header Files\Patterns</Filter>
    </ClInclude>
  </ItemGroup>
</Project>